// !$*UTF8*$!
{
	archiveVersion = 1;
	classes = {
	};
	objectVersion = 77;
	objects = {

/* Begin PBXBuildFile section */
		C3BE21232E842BF900768DA4 /* Assets.xcassets in Resources */ = {isa = PBXBuildFile; fileRef = C3BE21202E842BF900768DA4 /* Assets.xcassets */; };
		C3BE21242E842BF900768DA4 /* RootView.swift in Sources */ = {isa = PBXBuildFile; fileRef = C3BE21212E842BF900768DA4 /* RootView.swift */; };
		C3BE21252E842BF900768DA4 /* Precision_KeyboardApp.swift in Sources */ = {isa = PBXBuildFile; fileRef = C3BE21222E842BF900768DA4 /* Precision_KeyboardApp.swift */; };
		C3BE213B2E847BDA00768DA4 /* StudySessionStore.swift in Sources */ = {isa = PBXBuildFile; fileRef = C3BE213A2E847BD800768DA4 /* StudySessionStore.swift */; };
		C3BE21442E8481BC00768DA4 /* Models.swift in Sources */ = {isa = PBXBuildFile; fileRef = C3BE21382E847B2E00768DA4 /* Models.swift */; };
		C3BE21452E8481D100768DA4 /* APIClient.swift in Sources */ = {isa = PBXBuildFile; fileRef = C3BE21392E847B9A00768DA4 /* APIClient.swift */; };
		C3BE21462E8481DB00768DA4 /* SUSView.swift in Sources */ = {isa = PBXBuildFile; fileRef = C3BE21412E847CF400768DA4 /* SUSView.swift */; };
		C3BE21472E8481E100768DA4 /* TaskEditorView.swift in Sources */ = {isa = PBXBuildFile; fileRef = C3BE21402E847CCC00768DA4 /* TaskEditorView.swift */; };
		C3BE21482E8481E700768DA4 /* PrecisionOverlay.swift in Sources */ = {isa = PBXBuildFile; fileRef = C3BE213F2E847CAA00768DA4 /* PrecisionOverlay.swift */; };
		C3BE21492E8481EE00768DA4 /* TextViewRepresentable.swift in Sources */ = {isa = PBXBuildFile; fileRef = C3BE213D2E847C6100768DA4 /* TextViewRepresentable.swift */; };
		C3BE214A2E8481F300768DA4 /* EditorViewModel.swift in Sources */ = {isa = PBXBuildFile; fileRef = C3BE213C2E847C4300768DA4 /* EditorViewModel.swift */; };
		C3BE214C2E848C0C00768DA4 /* RunTaskView.swift in Sources */ = {isa = PBXBuildFile; fileRef = C3BE214B2E848C0700768DA4 /* RunTaskView.swift */; };
		C3BE214E2E848C3900768DA4 /* CompletionView.swift in Sources */ = {isa = PBXBuildFile; fileRef = C3BE214D2E848C3200768DA4 /* CompletionView.swift */; };
/* End PBXBuildFile section */

/* Begin PBXContainerItemProxy section */
		C3252D322E6ED02A00A356A3 /* PBXContainerItemProxy */ = {
			isa = PBXContainerItemProxy;
			containerPortal = C3252D1C2E6ED02900A356A3 /* Project object */;
			proxyType = 1;
			remoteGlobalIDString = C3252D232E6ED02900A356A3;
			remoteInfo = "Precision Keyboard";
		};
		C3252D3C2E6ED02A00A356A3 /* PBXContainerItemProxy */ = {
			isa = PBXContainerItemProxy;
			containerPortal = C3252D1C2E6ED02900A356A3 /* Project object */;
			proxyType = 1;
			remoteGlobalIDString = C3252D232E6ED02900A356A3;
			remoteInfo = "Precision Keyboard";
		};
/* End PBXContainerItemProxy section */

/* Begin PBXFileReference section */
		C3252D242E6ED02900A356A3 /* Precision Keyboard.app */ = {isa = PBXFileReference; explicitFileType = wrapper.application; includeInIndex = 0; path = "Precision Keyboard.app"; sourceTree = BUILT_PRODUCTS_DIR; };
		C3252D312E6ED02A00A356A3 /* Precision KeyboardTests.xctest */ = {isa = PBXFileReference; explicitFileType = wrapper.cfbundle; includeInIndex = 0; path = "Precision KeyboardTests.xctest"; sourceTree = BUILT_PRODUCTS_DIR; };
		C3252D3B2E6ED02A00A356A3 /* Precision KeyboardUITests.xctest */ = {isa = PBXFileReference; explicitFileType = wrapper.cfbundle; includeInIndex = 0; path = "Precision KeyboardUITests.xctest"; sourceTree = BUILT_PRODUCTS_DIR; };
		C3BE21202E842BF900768DA4 /* Assets.xcassets */ = {isa = PBXFileReference; lastKnownFileType = folder.assetcatalog; path = Assets.xcassets; sourceTree = "<group>"; };
		C3BE21212E842BF900768DA4 /* RootView.swift */ = {isa = PBXFileReference; lastKnownFileType = sourcecode.swift; path = RootView.swift; sourceTree = "<group>"; };
		C3BE21222E842BF900768DA4 /* Precision_KeyboardApp.swift */ = {isa = PBXFileReference; lastKnownFileType = sourcecode.swift; path = Precision_KeyboardApp.swift; sourceTree = "<group>"; };
		C3BE21382E847B2E00768DA4 /* Models.swift */ = {isa = PBXFileReference; lastKnownFileType = sourcecode.swift; path = Models.swift; sourceTree = "<group>"; };
		C3BE21392E847B9A00768DA4 /* APIClient.swift */ = {isa = PBXFileReference; lastKnownFileType = sourcecode.swift; path = APIClient.swift; sourceTree = "<group>"; };
		C3BE213A2E847BD800768DA4 /* StudySessionStore.swift */ = {isa = PBXFileReference; lastKnownFileType = sourcecode.swift; path = StudySessionStore.swift; sourceTree = "<group>"; };
		C3BE213C2E847C4300768DA4 /* EditorViewModel.swift */ = {isa = PBXFileReference; lastKnownFileType = sourcecode.swift; path = EditorViewModel.swift; sourceTree = "<group>"; };
		C3BE213D2E847C6100768DA4 /* TextViewRepresentable.swift */ = {isa = PBXFileReference; lastKnownFileType = sourcecode.swift; path = TextViewRepresentable.swift; sourceTree = "<group>"; };
		C3BE213F2E847CAA00768DA4 /* PrecisionOverlay.swift */ = {isa = PBXFileReference; lastKnownFileType = sourcecode.swift; path = PrecisionOverlay.swift; sourceTree = "<group>"; };
		C3BE21402E847CCC00768DA4 /* TaskEditorView.swift */ = {isa = PBXFileReference; lastKnownFileType = sourcecode.swift; path = TaskEditorView.swift; sourceTree = "<group>"; };
		C3BE21412E847CF400768DA4 /* SUSView.swift */ = {isa = PBXFileReference; lastKnownFileType = sourcecode.swift; path = SUSView.swift; sourceTree = "<group>"; };
		C3BE21422E847DD200768DA4 /* Debug.xcconfig */ = {isa = PBXFileReference; lastKnownFileType = text.xcconfig; path = Debug.xcconfig; sourceTree = "<group>"; };
		C3BE21432E847DDB00768DA4 /* Release.xcconfig */ = {isa = PBXFileReference; lastKnownFileType = text.xcconfig; path = Release.xcconfig; sourceTree = "<group>"; };
		C3BE214B2E848C0700768DA4 /* RunTaskView.swift */ = {isa = PBXFileReference; lastKnownFileType = sourcecode.swift; path = RunTaskView.swift; sourceTree = "<group>"; };
		C3BE214D2E848C3200768DA4 /* CompletionView.swift */ = {isa = PBXFileReference; lastKnownFileType = sourcecode.swift; path = CompletionView.swift; sourceTree = "<group>"; };
/* End PBXFileReference section */

/* Begin PBXFileSystemSynchronizedRootGroup section */
		C3252D342E6ED02A00A356A3 /* Precision KeyboardTests */ = {
			isa = PBXFileSystemSynchronizedRootGroup;
			path = "Precision KeyboardTests";
			sourceTree = "<group>";
		};
		C3252D3E2E6ED02A00A356A3 /* Precision KeyboardUITests */ = {
			isa = PBXFileSystemSynchronizedRootGroup;
			path = "Precision KeyboardUITests";
			sourceTree = "<group>";
		};
/* End PBXFileSystemSynchronizedRootGroup section */

/* Begin PBXFrameworksBuildPhase section */
		C3252D212E6ED02900A356A3 /* Frameworks */ = {
			isa = PBXFrameworksBuildPhase;
			buildActionMask = 2147483647;
			files = (
			);
			runOnlyForDeploymentPostprocessing = 0;
		};
		C3252D2E2E6ED02A00A356A3 /* Frameworks */ = {
			isa = PBXFrameworksBuildPhase;
			buildActionMask = 2147483647;
			files = (
			);
			runOnlyForDeploymentPostprocessing = 0;
		};
		C3252D382E6ED02A00A356A3 /* Frameworks */ = {
			isa = PBXFrameworksBuildPhase;
			buildActionMask = 2147483647;
			files = (
			);
			runOnlyForDeploymentPostprocessing = 0;
		};
/* End PBXFrameworksBuildPhase section */

/* Begin PBXGroup section */
		C3252D1B2E6ED02900A356A3 = {
			isa = PBXGroup;
			children = (
				C3BE212F2E8479A900768DA4 /* App */,
				C3BE21362E847A3800768DA4 /* Config */,
				C3BE21302E8479C900768DA4 /* Core */,
				C3BE21352E847A2E00768DA4 /* DesignSystem */,
				C3BE21312E8479D700768DA4 /* Features */,
				C3252D342E6ED02A00A356A3 /* Precision KeyboardTests */,
				C3252D3E2E6ED02A00A356A3 /* Precision KeyboardUITests */,
				C3252D252E6ED02900A356A3 /* Products */,
				C3BE21372E847A4500768DA4 /* Resources */,
			);
			sourceTree = "<group>";
		};
		C3252D252E6ED02900A356A3 /* Products */ = {
			isa = PBXGroup;
			children = (
				C3252D242E6ED02900A356A3 /* Precision Keyboard.app */,
				C3252D312E6ED02A00A356A3 /* Precision KeyboardTests.xctest */,
				C3252D3B2E6ED02A00A356A3 /* Precision KeyboardUITests.xctest */,
			);
			name = Products;
			sourceTree = "<group>";
		};
		C3BE212F2E8479A900768DA4 /* App */ = {
			isa = PBXGroup;
			children = (
				C3BE213A2E847BD800768DA4 /* StudySessionStore.swift */,
				C3BE21212E842BF900768DA4 /* RootView.swift */,
				C3BE21222E842BF900768DA4 /* Precision_KeyboardApp.swift */,
			);
			path = App;
			sourceTree = "<group>";
		};
		C3BE21302E8479C900768DA4 /* Core */ = {
			isa = PBXGroup;
			children = (
				C3BE21392E847B9A00768DA4 /* APIClient.swift */,
				C3BE21382E847B2E00768DA4 /* Models.swift */,
			);
			path = Core;
			sourceTree = "<group>";
		};
		C3BE21312E8479D700768DA4 /* Features */ = {
			isa = PBXGroup;
			children = (
				C3BE21342E847A1E00768DA4 /* SUS */,
				C3BE21332E847A1400768DA4 /* PrecisionEditor */,
			);
			path = Features;
			sourceTree = "<group>";
		};
		C3BE21332E847A1400768DA4 /* PrecisionEditor */ = {
			isa = PBXGroup;
			children = (
				C3BE214B2E848C0700768DA4 /* RunTaskView.swift */,
				C3BE21402E847CCC00768DA4 /* TaskEditorView.swift */,
				C3BE213F2E847CAA00768DA4 /* PrecisionOverlay.swift */,
				C3BE213D2E847C6100768DA4 /* TextViewRepresentable.swift */,
				C3BE213C2E847C4300768DA4 /* EditorViewModel.swift */,
			);
			path = PrecisionEditor;
			sourceTree = "<group>";
		};
		C3BE21342E847A1E00768DA4 /* SUS */ = {
			isa = PBXGroup;
			children = (
				C3BE214D2E848C3200768DA4 /* CompletionView.swift */,
				C3BE21412E847CF400768DA4 /* SUSView.swift */,
			);
			path = SUS;
			sourceTree = "<group>";
		};
		C3BE21352E847A2E00768DA4 /* DesignSystem */ = {
			isa = PBXGroup;
			children = (
			);
			path = DesignSystem;
			sourceTree = "<group>";
		};
		C3BE21362E847A3800768DA4 /* Config */ = {
			isa = PBXGroup;
			children = (
				C3BE21432E847DDB00768DA4 /* Release.xcconfig */,
				C3BE21422E847DD200768DA4 /* Debug.xcconfig */,
			);
			path = Config;
			sourceTree = "<group>";
		};
		C3BE21372E847A4500768DA4 /* Resources */ = {
			isa = PBXGroup;
			children = (
				C3BE21202E842BF900768DA4 /* Assets.xcassets */,
			);
			path = Resources;
			sourceTree = "<group>";
		};
/* End PBXGroup section */

/* Begin PBXNativeTarget section */
		C3252D232E6ED02900A356A3 /* Precision Keyboard */ = {
			isa = PBXNativeTarget;
			buildConfigurationList = C3252D452E6ED02A00A356A3 /* Build configuration list for PBXNativeTarget "Precision Keyboard" */;
			buildPhases = (
				C3252D202E6ED02900A356A3 /* Sources */,
				C3252D212E6ED02900A356A3 /* Frameworks */,
				C3252D222E6ED02900A356A3 /* Resources */,
			);
			buildRules = (
			);
			dependencies = (
			);
			name = "Precision Keyboard";
			packageProductDependencies = (
			);
			productName = "Precision Keyboard";
			productReference = C3252D242E6ED02900A356A3 /* Precision Keyboard.app */;
			productType = "com.apple.product-type.application";
		};
		C3252D302E6ED02A00A356A3 /* Precision KeyboardTests */ = {
			isa = PBXNativeTarget;
			buildConfigurationList = C3252D482E6ED02A00A356A3 /* Build configuration list for PBXNativeTarget "Precision KeyboardTests" */;
			buildPhases = (
				C3252D2D2E6ED02A00A356A3 /* Sources */,
				C3252D2E2E6ED02A00A356A3 /* Frameworks */,
				C3252D2F2E6ED02A00A356A3 /* Resources */,
			);
			buildRules = (
			);
			dependencies = (
				C3252D332E6ED02A00A356A3 /* PBXTargetDependency */,
			);
			fileSystemSynchronizedGroups = (
				C3252D342E6ED02A00A356A3 /* Precision KeyboardTests */,
			);
			name = "Precision KeyboardTests";
			packageProductDependencies = (
			);
			productName = "Precision KeyboardTests";
			productReference = C3252D312E6ED02A00A356A3 /* Precision KeyboardTests.xctest */;
			productType = "com.apple.product-type.bundle.unit-test";
		};
		C3252D3A2E6ED02A00A356A3 /* Precision KeyboardUITests */ = {
			isa = PBXNativeTarget;
			buildConfigurationList = C3252D4B2E6ED02A00A356A3 /* Build configuration list for PBXNativeTarget "Precision KeyboardUITests" */;
			buildPhases = (
				C3252D372E6ED02A00A356A3 /* Sources */,
				C3252D382E6ED02A00A356A3 /* Frameworks */,
				C3252D392E6ED02A00A356A3 /* Resources */,
			);
			buildRules = (
			);
			dependencies = (
				C3252D3D2E6ED02A00A356A3 /* PBXTargetDependency */,
			);
			fileSystemSynchronizedGroups = (
				C3252D3E2E6ED02A00A356A3 /* Precision KeyboardUITests */,
			);
			name = "Precision KeyboardUITests";
			packageProductDependencies = (
			);
			productName = "Precision KeyboardUITests";
			productReference = C3252D3B2E6ED02A00A356A3 /* Precision KeyboardUITests.xctest */;
			productType = "com.apple.product-type.bundle.ui-testing";
		};
/* End PBXNativeTarget section */

/* Begin PBXProject section */
		C3252D1C2E6ED02900A356A3 /* Project object */ = {
			isa = PBXProject;
			attributes = {
				BuildIndependentTargetsInParallel = 1;
				LastSwiftUpdateCheck = 1640;
				LastUpgradeCheck = 1640;
				TargetAttributes = {
					C3252D232E6ED02900A356A3 = {
						CreatedOnToolsVersion = 16.4;
					};
					C3252D302E6ED02A00A356A3 = {
						CreatedOnToolsVersion = 16.4;
						TestTargetID = C3252D232E6ED02900A356A3;
					};
					C3252D3A2E6ED02A00A356A3 = {
						CreatedOnToolsVersion = 16.4;
						TestTargetID = C3252D232E6ED02900A356A3;
					};
				};
			};
			buildConfigurationList = C3252D1F2E6ED02900A356A3 /* Build configuration list for PBXProject "Precision Keyboard" */;
			developmentRegion = en;
			hasScannedForEncodings = 0;
			knownRegions = (
				en,
				Base,
			);
			mainGroup = C3252D1B2E6ED02900A356A3;
			minimizedProjectReferenceProxies = 1;
			preferredProjectObjectVersion = 77;
			productRefGroup = C3252D252E6ED02900A356A3 /* Products */;
			projectDirPath = "";
			projectRoot = "";
			targets = (
				C3252D232E6ED02900A356A3 /* Precision Keyboard */,
				C3252D302E6ED02A00A356A3 /* Precision KeyboardTests */,
				C3252D3A2E6ED02A00A356A3 /* Precision KeyboardUITests */,
			);
		};
/* End PBXProject section */

/* Begin PBXResourcesBuildPhase section */
		C3252D222E6ED02900A356A3 /* Resources */ = {
			isa = PBXResourcesBuildPhase;
			buildActionMask = 2147483647;
			files = (
				C3BE21232E842BF900768DA4 /* Assets.xcassets in Resources */,
			);
			runOnlyForDeploymentPostprocessing = 0;
		};
		C3252D2F2E6ED02A00A356A3 /* Resources */ = {
			isa = PBXResourcesBuildPhase;
			buildActionMask = 2147483647;
			files = (
			);
			runOnlyForDeploymentPostprocessing = 0;
		};
		C3252D392E6ED02A00A356A3 /* Resources */ = {
			isa = PBXResourcesBuildPhase;
			buildActionMask = 2147483647;
			files = (
			);
			runOnlyForDeploymentPostprocessing = 0;
		};
/* End PBXResourcesBuildPhase section */

/* Begin PBXSourcesBuildPhase section */
		C3252D202E6ED02900A356A3 /* Sources */ = {
			isa = PBXSourcesBuildPhase;
			buildActionMask = 2147483647;
			files = (
				C3BE214E2E848C3900768DA4 /* CompletionView.swift in Sources */,
				C3BE21472E8481E100768DA4 /* TaskEditorView.swift in Sources */,
				C3BE21242E842BF900768DA4 /* RootView.swift in Sources */,
				C3BE213B2E847BDA00768DA4 /* StudySessionStore.swift in Sources */,
				C3BE214C2E848C0C00768DA4 /* RunTaskView.swift in Sources */,
				C3BE21492E8481EE00768DA4 /* TextViewRepresentable.swift in Sources */,
				C3BE21462E8481DB00768DA4 /* SUSView.swift in Sources */,
				C3BE21252E842BF900768DA4 /* Precision_KeyboardApp.swift in Sources */,
				C3BE21452E8481D100768DA4 /* APIClient.swift in Sources */,
				C3BE214A2E8481F300768DA4 /* EditorViewModel.swift in Sources */,
				C3BE21442E8481BC00768DA4 /* Models.swift in Sources */,
				C3BE21482E8481E700768DA4 /* PrecisionOverlay.swift in Sources */,
			);
			runOnlyForDeploymentPostprocessing = 0;
		};
		C3252D2D2E6ED02A00A356A3 /* Sources */ = {
			isa = PBXSourcesBuildPhase;
			buildActionMask = 2147483647;
			files = (
			);
			runOnlyForDeploymentPostprocessing = 0;
		};
		C3252D372E6ED02A00A356A3 /* Sources */ = {
			isa = PBXSourcesBuildPhase;
			buildActionMask = 2147483647;
			files = (
			);
			runOnlyForDeploymentPostprocessing = 0;
		};
/* End PBXSourcesBuildPhase section */

/* Begin PBXTargetDependency section */
		C3252D332E6ED02A00A356A3 /* PBXTargetDependency */ = {
			isa = PBXTargetDependency;
			target = C3252D232E6ED02900A356A3 /* Precision Keyboard */;
			targetProxy = C3252D322E6ED02A00A356A3 /* PBXContainerItemProxy */;
		};
		C3252D3D2E6ED02A00A356A3 /* PBXTargetDependency */ = {
			isa = PBXTargetDependency;
			target = C3252D232E6ED02900A356A3 /* Precision Keyboard */;
			targetProxy = C3252D3C2E6ED02A00A356A3 /* PBXContainerItemProxy */;
		};
/* End PBXTargetDependency section */

/* Begin XCBuildConfiguration section */
		C3252D432E6ED02A00A356A3 /* Debug */ = {
			isa = XCBuildConfiguration;
			buildSettings = {
				ALWAYS_SEARCH_USER_PATHS = NO;
				ASSETCATALOG_COMPILER_GENERATE_SWIFT_ASSET_SYMBOL_EXTENSIONS = YES;
				CLANG_ANALYZER_NONNULL = YES;
				CLANG_ANALYZER_NUMBER_OBJECT_CONVERSION = YES_AGGRESSIVE;
				CLANG_CXX_LANGUAGE_STANDARD = "gnu++20";
				CLANG_ENABLE_MODULES = YES;
				CLANG_ENABLE_OBJC_ARC = YES;
				CLANG_ENABLE_OBJC_WEAK = YES;
				CLANG_WARN_BLOCK_CAPTURE_AUTORELEASING = YES;
				CLANG_WARN_BOOL_CONVERSION = YES;
				CLANG_WARN_COMMA = YES;
				CLANG_WARN_CONSTANT_CONVERSION = YES;
				CLANG_WARN_DEPRECATED_OBJC_IMPLEMENTATIONS = YES;
				CLANG_WARN_DIRECT_OBJC_ISA_USAGE = YES_ERROR;
				CLANG_WARN_DOCUMENTATION_COMMENTS = YES;
				CLANG_WARN_EMPTY_BODY = YES;
				CLANG_WARN_ENUM_CONVERSION = YES;
				CLANG_WARN_INFINITE_RECURSION = YES;
				CLANG_WARN_INT_CONVERSION = YES;
				CLANG_WARN_NON_LITERAL_NULL_CONVERSION = YES;
				CLANG_WARN_OBJC_IMPLICIT_RETAIN_SELF = YES;
				CLANG_WARN_OBJC_LITERAL_CONVERSION = YES;
				CLANG_WARN_OBJC_ROOT_CLASS = YES_ERROR;
				CLANG_WARN_QUOTED_INCLUDE_IN_FRAMEWORK_HEADER = YES;
				CLANG_WARN_RANGE_LOOP_ANALYSIS = YES;
				CLANG_WARN_STRICT_PROTOTYPES = YES;
				CLANG_WARN_SUSPICIOUS_MOVE = YES;
				CLANG_WARN_UNGUARDED_AVAILABILITY = YES_AGGRESSIVE;
				CLANG_WARN_UNREACHABLE_CODE = YES;
				CLANG_WARN__DUPLICATE_METHOD_MATCH = YES;
				COPY_PHASE_STRIP = NO;
				DEBUG_INFORMATION_FORMAT = dwarf;
				ENABLE_STRICT_OBJC_MSGSEND = YES;
				ENABLE_TESTABILITY = YES;
				ENABLE_USER_SCRIPT_SANDBOXING = YES;
				GCC_C_LANGUAGE_STANDARD = gnu17;
				GCC_DYNAMIC_NO_PIC = NO;
				GCC_NO_COMMON_BLOCKS = YES;
				GCC_OPTIMIZATION_LEVEL = 0;
				GCC_PREPROCESSOR_DEFINITIONS = (
					"DEBUG=1",
					"$(inherited)",
				);
				GCC_WARN_64_TO_32_BIT_CONVERSION = YES;
				GCC_WARN_ABOUT_RETURN_TYPE = YES_ERROR;
				GCC_WARN_UNDECLARED_SELECTOR = YES;
				GCC_WARN_UNINITIALIZED_AUTOS = YES_AGGRESSIVE;
				GCC_WARN_UNUSED_FUNCTION = YES;
				GCC_WARN_UNUSED_VARIABLE = YES;
				IPHONEOS_DEPLOYMENT_TARGET = 18.5;
				LOCALIZATION_PREFERS_STRING_CATALOGS = YES;
				MTL_ENABLE_DEBUG_INFO = INCLUDE_SOURCE;
				MTL_FAST_MATH = YES;
				ONLY_ACTIVE_ARCH = YES;
				SDKROOT = iphoneos;
				SWIFT_ACTIVE_COMPILATION_CONDITIONS = "DEBUG $(inherited)";
				SWIFT_OPTIMIZATION_LEVEL = "-Onone";
			};
			name = Debug;
		};
		C3252D442E6ED02A00A356A3 /* Release */ = {
			isa = XCBuildConfiguration;
			buildSettings = {
				ALWAYS_SEARCH_USER_PATHS = NO;
				ASSETCATALOG_COMPILER_GENERATE_SWIFT_ASSET_SYMBOL_EXTENSIONS = YES;
				CLANG_ANALYZER_NONNULL = YES;
				CLANG_ANALYZER_NUMBER_OBJECT_CONVERSION = YES_AGGRESSIVE;
				CLANG_CXX_LANGUAGE_STANDARD = "gnu++20";
				CLANG_ENABLE_MODULES = YES;
				CLANG_ENABLE_OBJC_ARC = YES;
				CLANG_ENABLE_OBJC_WEAK = YES;
				CLANG_WARN_BLOCK_CAPTURE_AUTORELEASING = YES;
				CLANG_WARN_BOOL_CONVERSION = YES;
				CLANG_WARN_COMMA = YES;
				CLANG_WARN_CONSTANT_CONVERSION = YES;
				CLANG_WARN_DEPRECATED_OBJC_IMPLEMENTATIONS = YES;
				CLANG_WARN_DIRECT_OBJC_ISA_USAGE = YES_ERROR;
				CLANG_WARN_DOCUMENTATION_COMMENTS = YES;
				CLANG_WARN_EMPTY_BODY = YES;
				CLANG_WARN_ENUM_CONVERSION = YES;
				CLANG_WARN_INFINITE_RECURSION = YES;
				CLANG_WARN_INT_CONVERSION = YES;
				CLANG_WARN_NON_LITERAL_NULL_CONVERSION = YES;
				CLANG_WARN_OBJC_IMPLICIT_RETAIN_SELF = YES;
				CLANG_WARN_OBJC_LITERAL_CONVERSION = YES;
				CLANG_WARN_OBJC_ROOT_CLASS = YES_ERROR;
				CLANG_WARN_QUOTED_INCLUDE_IN_FRAMEWORK_HEADER = YES;
				CLANG_WARN_RANGE_LOOP_ANALYSIS = YES;
				CLANG_WARN_STRICT_PROTOTYPES = YES;
				CLANG_WARN_SUSPICIOUS_MOVE = YES;
				CLANG_WARN_UNGUARDED_AVAILABILITY = YES_AGGRESSIVE;
				CLANG_WARN_UNREACHABLE_CODE = YES;
				CLANG_WARN__DUPLICATE_METHOD_MATCH = YES;
				COPY_PHASE_STRIP = NO;
				DEBUG_INFORMATION_FORMAT = "dwarf-with-dsym";
				ENABLE_NS_ASSERTIONS = NO;
				ENABLE_STRICT_OBJC_MSGSEND = YES;
				ENABLE_USER_SCRIPT_SANDBOXING = YES;
				GCC_C_LANGUAGE_STANDARD = gnu17;
				GCC_NO_COMMON_BLOCKS = YES;
				GCC_WARN_64_TO_32_BIT_CONVERSION = YES;
				GCC_WARN_ABOUT_RETURN_TYPE = YES_ERROR;
				GCC_WARN_UNDECLARED_SELECTOR = YES;
				GCC_WARN_UNINITIALIZED_AUTOS = YES_AGGRESSIVE;
				GCC_WARN_UNUSED_FUNCTION = YES;
				GCC_WARN_UNUSED_VARIABLE = YES;
				IPHONEOS_DEPLOYMENT_TARGET = 18.5;
				LOCALIZATION_PREFERS_STRING_CATALOGS = YES;
				MTL_ENABLE_DEBUG_INFO = NO;
				MTL_FAST_MATH = YES;
				SDKROOT = iphoneos;
				SWIFT_COMPILATION_MODE = wholemodule;
				VALIDATE_PRODUCT = YES;
			};
			name = Release;
		};
		C3252D462E6ED02A00A356A3 /* Debug */ = {
			isa = XCBuildConfiguration;
			buildSettings = {
				ASSETCATALOG_COMPILER_APPICON_NAME = AppIcon;
				ASSETCATALOG_COMPILER_GLOBAL_ACCENT_COLOR_NAME = AccentColor;
				CODE_SIGN_STYLE = Automatic;
				CURRENT_PROJECT_VERSION = 1;
				DEVELOPMENT_TEAM = CBKQGQ2MNB;
				ENABLE_PREVIEWS = YES;
				GENERATE_INFOPLIST_FILE = YES;
				INFOPLIST_KEY_UIApplicationSceneManifest_Generation = YES;
				INFOPLIST_KEY_UIApplicationSupportsIndirectInputEvents = YES;
				INFOPLIST_KEY_UILaunchScreen_Generation = YES;
				INFOPLIST_KEY_UISupportedInterfaceOrientations_iPad = "UIInterfaceOrientationPortrait UIInterfaceOrientationPortraitUpsideDown UIInterfaceOrientationLandscapeLeft UIInterfaceOrientationLandscapeRight";
				INFOPLIST_KEY_UISupportedInterfaceOrientations_iPhone = "UIInterfaceOrientationPortrait UIInterfaceOrientationLandscapeLeft UIInterfaceOrientationLandscapeRight";
				LD_RUNPATH_SEARCH_PATHS = (
					"$(inherited)",
					"@executable_path/Frameworks",
				);
				MARKETING_VERSION = 1.0;
				PRODUCT_BUNDLE_IDENTIFIER = "com.learning.Precision-Keyboard";
				PRODUCT_NAME = "$(TARGET_NAME)";
				SWIFT_EMIT_LOC_STRINGS = YES;
				SWIFT_VERSION = 5.0;
				TARGETED_DEVICE_FAMILY = "1,2";
			};
			name = Debug;
		};
		C3252D472E6ED02A00A356A3 /* Release */ = {
			isa = XCBuildConfiguration;
			buildSettings = {
				ASSETCATALOG_COMPILER_APPICON_NAME = AppIcon;
				ASSETCATALOG_COMPILER_GLOBAL_ACCENT_COLOR_NAME = AccentColor;
				CODE_SIGN_STYLE = Automatic;
				CURRENT_PROJECT_VERSION = 1;
				DEVELOPMENT_TEAM = CBKQGQ2MNB;
				ENABLE_PREVIEWS = YES;
				GENERATE_INFOPLIST_FILE = YES;
				INFOPLIST_KEY_UIApplicationSceneManifest_Generation = YES;
				INFOPLIST_KEY_UIApplicationSupportsIndirectInputEvents = YES;
				INFOPLIST_KEY_UILaunchScreen_Generation = YES;
				INFOPLIST_KEY_UISupportedInterfaceOrientations_iPad = "UIInterfaceOrientationPortrait UIInterfaceOrientationPortraitUpsideDown UIInterfaceOrientationLandscapeLeft UIInterfaceOrientationLandscapeRight";
				INFOPLIST_KEY_UISupportedInterfaceOrientations_iPhone = "UIInterfaceOrientationPortrait UIInterfaceOrientationLandscapeLeft UIInterfaceOrientationLandscapeRight";
				LD_RUNPATH_SEARCH_PATHS = (
					"$(inherited)",
					"@executable_path/Frameworks",
				);
				MARKETING_VERSION = 1.0;
				PRODUCT_BUNDLE_IDENTIFIER = "com.learning.Precision-Keyboard";
				PRODUCT_NAME = "$(TARGET_NAME)";
				SWIFT_EMIT_LOC_STRINGS = YES;
				SWIFT_VERSION = 5.0;
				TARGETED_DEVICE_FAMILY = "1,2";
			};
			name = Release;
		};
		C3252D492E6ED02A00A356A3 /* Debug */ = {
			isa = XCBuildConfiguration;
			buildSettings = {
				BUNDLE_LOADER = "$(TEST_HOST)";
				CODE_SIGN_STYLE = Automatic;
				CURRENT_PROJECT_VERSION = 1;
				GENERATE_INFOPLIST_FILE = YES;
				IPHONEOS_DEPLOYMENT_TARGET = 18.5;
				MARKETING_VERSION = 1.0;
				PRODUCT_BUNDLE_IDENTIFIER = "com.learning.Precision-KeyboardTests";
				PRODUCT_NAME = "$(TARGET_NAME)";
				SWIFT_EMIT_LOC_STRINGS = NO;
				SWIFT_VERSION = 5.0;
				TARGETED_DEVICE_FAMILY = "1,2";
				TEST_HOST = "$(BUILT_PRODUCTS_DIR)/Precision Keyboard.app/$(BUNDLE_EXECUTABLE_FOLDER_PATH)/Precision Keyboard";
			};
			name = Debug;
		};
		C3252D4A2E6ED02A00A356A3 /* Release */ = {
			isa = XCBuildConfiguration;
			buildSettings = {
				BUNDLE_LOADER = "$(TEST_HOST)";
				CODE_SIGN_STYLE = Automatic;
				CURRENT_PROJECT_VERSION = 1;
				GENERATE_INFOPLIST_FILE = YES;
				IPHONEOS_DEPLOYMENT_TARGET = 18.5;
				MARKETING_VERSION = 1.0;
				PRODUCT_BUNDLE_IDENTIFIER = "com.learning.Precision-KeyboardTests";
				PRODUCT_NAME = "$(TARGET_NAME)";
				SWIFT_EMIT_LOC_STRINGS = NO;
				SWIFT_VERSION = 5.0;
				TARGETED_DEVICE_FAMILY = "1,2";
				TEST_HOST = "$(BUILT_PRODUCTS_DIR)/Precision Keyboard.app/$(BUNDLE_EXECUTABLE_FOLDER_PATH)/Precision Keyboard";
			};
			name = Release;
		};
		C3252D4C2E6ED02A00A356A3 /* Debug */ = {
			isa = XCBuildConfiguration;
			buildSettings = {
				CODE_SIGN_STYLE = Automatic;
				CURRENT_PROJECT_VERSION = 1;
				GENERATE_INFOPLIST_FILE = YES;
				MARKETING_VERSION = 1.0;
				PRODUCT_BUNDLE_IDENTIFIER = "com.learning.Precision-KeyboardUITests";
				PRODUCT_NAME = "$(TARGET_NAME)";
				SWIFT_EMIT_LOC_STRINGS = NO;
				SWIFT_VERSION = 5.0;
				TARGETED_DEVICE_FAMILY = "1,2";
				TEST_TARGET_NAME = "Precision Keyboard";
			};
			name = Debug;
		};
		C3252D4D2E6ED02A00A356A3 /* Release */ = {
			isa = XCBuildConfiguration;
			buildSettings = {
				CODE_SIGN_STYLE = Automatic;
				CURRENT_PROJECT_VERSION = 1;
				GENERATE_INFOPLIST_FILE = YES;
				MARKETING_VERSION = 1.0;
				PRODUCT_BUNDLE_IDENTIFIER = "com.learning.Precision-KeyboardUITests";
				PRODUCT_NAME = "$(TARGET_NAME)";
				SWIFT_EMIT_LOC_STRINGS = NO;
				SWIFT_VERSION = 5.0;
				TARGETED_DEVICE_FAMILY = "1,2";
				TEST_TARGET_NAME = "Precision Keyboard";
			};
			name = Release;
		};
/* End XCBuildConfiguration section */

/* Begin XCConfigurationList section */
		C3252D1F2E6ED02900A356A3 /* Build configuration list for PBXProject "Precision Keyboard" */ = {
			isa = XCConfigurationList;
			buildConfigurations = (
				C3252D432E6ED02A00A356A3 /* Debug */,
				C3252D442E6ED02A00A356A3 /* Release */,
			);
			defaultConfigurationIsVisible = 0;
			defaultConfigurationName = Release;
		};
		C3252D452E6ED02A00A356A3 /* Build configuration list for PBXNativeTarget "Precision Keyboard" */ = {
			isa = XCConfigurationList;
			buildConfigurations = (
				C3252D462E6ED02A00A356A3 /* Debug */,
				C3252D472E6ED02A00A356A3 /* Release */,
			);
			defaultConfigurationIsVisible = 0;
			defaultConfigurationName = Release;
		};
		C3252D482E6ED02A00A356A3 /* Build configuration list for PBXNativeTarget "Precision KeyboardTests" */ = {
			isa = XCConfigurationList;
			buildConfigurations = (
				C3252D492E6ED02A00A356A3 /* Debug */,
				C3252D4A2E6ED02A00A356A3 /* Release */,
			);
			defaultConfigurationIsVisible = 0;
			defaultConfigurationName = Release;
		};
		C3252D4B2E6ED02A00A356A3 /* Build configuration list for PBXNativeTarget "Precision KeyboardUITests" */ = {
			isa = XCConfigurationList;
			buildConfigurations = (
				C3252D4C2E6ED02A00A356A3 /* Debug */,
				C3252D4D2E6ED02A00A356A3 /* Release */,
			);
			defaultConfigurationIsVisible = 0;
			defaultConfigurationName = Release;
		};
/* End XCConfigurationList section */
	};
	rootObject = C3252D1C2E6ED02900A356A3 /* Project object */;
}
